
Microsoft Visual Studio Solution File, Format Version 12.00
Project("{FAE04EC0-301F-11D3-BF4B-00C04F79EFBC}") = "ahtirn.SmartCalculator.API", "ahtirn.SmartCalculator.API\ahtirn.SmartCalculator.API.csproj", "{1A60BDB8-69F8-4EA6-8453-CC18B5F9B4C5}"
EndProject
Project("{FAE04EC0-301F-11D3-BF4B-00C04F79EFBC}") = "ahtirn.BusinessLogic", "ahtirn.BusinessLogic\ahtirn.BusinessLogic.csproj", "{AE8F054F-63EE-4791-8EEF-F728C2CAA561}"
EndProject
Project("{FAE04EC0-301F-11D3-BF4B-00C04F79EFBC}") = "ahtirn.DataAccess", "ahtirn.DataAccess\ahtirn.DataAccess.csproj", "{B6B87751-5B30-405A-92C6-2833B46598A8}"
EndProject
Project("{FAE04EC0-301F-11D3-BF4B-00C04F79EFBC}") = "ahtirn.Domain", "ahtirn.Domain\ahtirn.Domain.csproj", "{5F491F03-703E-4803-9E1A-7F7C3589B43D}"
EndProject
Project("{FAE04EC0-301F-11D3-BF4B-00C04F79EFBC}") = "ahtirn.BusinessLogic.MsTests", "ahtirn.BusinessLogic.MsTests\ahtirn.BusinessLogic.MsTests.csproj", "{C2FE6335-6EDE-444E-81F9-B9FF1CD46CC2}"
EndProject
Project("{FAE04EC0-301F-11D3-BF4B-00C04F79EFBC}") = "ahtirn.BusinessLogic.NTests", "ahtirn.BusinessLogic.NTests\ahtirn.BusinessLogic.NTests.csproj", "{1A1E6B46-CAFD-4A55-A4AF-C3AC61CED32B}"
EndProject
Project("{FAE04EC0-301F-11D3-BF4B-00C04F79EFBC}") = "ahtirn.BusinessLogic.XTests", "ahtirn.BusinessLogic.XTests\ahtirn.BusinessLogic.XTests.csproj", "{07BE19C3-0CAA-47DA-A755-BD3E7F6DC551}"
EndProject
Global
	GlobalSection(SolutionConfigurationPlatforms) = preSolution
		Debug|Any CPU = Debug|Any CPU
		Release|Any CPU = Release|Any CPU
	EndGlobalSection
	GlobalSection(ProjectConfigurationPlatforms) = postSolution
		{1A60BDB8-69F8-4EA6-8453-CC18B5F9B4C5}.Debug|Any CPU.ActiveCfg = Debug|Any CPU
		{1A60BDB8-69F8-4EA6-8453-CC18B5F9B4C5}.Debug|Any CPU.Build.0 = Debug|Any CPU
		{1A60BDB8-69F8-4EA6-8453-CC18B5F9B4C5}.Release|Any CPU.ActiveCfg = Release|Any CPU
		{1A60BDB8-69F8-4EA6-8453-CC18B5F9B4C5}.Release|Any CPU.Build.0 = Release|Any CPU
		{AE8F054F-63EE-4791-8EEF-F728C2CAA561}.Debug|Any CPU.ActiveCfg = Debug|Any CPU
		{AE8F054F-63EE-4791-8EEF-F728C2CAA561}.Debug|Any CPU.Build.0 = Debug|Any CPU
		{AE8F054F-63EE-4791-8EEF-F728C2CAA561}.Release|Any CPU.ActiveCfg = Release|Any CPU
		{AE8F054F-63EE-4791-8EEF-F728C2CAA561}.Release|Any CPU.Build.0 = Release|Any CPU
		{B6B87751-5B30-405A-92C6-2833B46598A8}.Debug|Any CPU.ActiveCfg = Debug|Any CPU
		{B6B87751-5B30-405A-92C6-2833B46598A8}.Debug|Any CPU.Build.0 = Debug|Any CPU
		{B6B87751-5B30-405A-92C6-2833B46598A8}.Release|Any CPU.ActiveCfg = Release|Any CPU
		{B6B87751-5B30-405A-92C6-2833B46598A8}.Release|Any CPU.Build.0 = Release|Any CPU
		{5F491F03-703E-4803-9E1A-7F7C3589B43D}.Debug|Any CPU.ActiveCfg = Debug|Any CPU
		{5F491F03-703E-4803-9E1A-7F7C3589B43D}.Debug|Any CPU.Build.0 = Debug|Any CPU
		{5F491F03-703E-4803-9E1A-7F7C3589B43D}.Release|Any CPU.ActiveCfg = Release|Any CPU
		{5F491F03-703E-4803-9E1A-7F7C3589B43D}.Release|Any CPU.Build.0 = Release|Any CPU
		{C2FE6335-6EDE-444E-81F9-B9FF1CD46CC2}.Debug|Any CPU.ActiveCfg = Debug|Any CPU
		{C2FE6335-6EDE-444E-81F9-B9FF1CD46CC2}.Debug|Any CPU.Build.0 = Debug|Any CPU
		{C2FE6335-6EDE-444E-81F9-B9FF1CD46CC2}.Release|Any CPU.ActiveCfg = Release|Any CPU
		{C2FE6335-6EDE-444E-81F9-B9FF1CD46CC2}.Release|Any CPU.Build.0 = Release|Any CPU
		{1A1E6B46-CAFD-4A55-A4AF-C3AC61CED32B}.Debug|Any CPU.ActiveCfg = Debug|Any CPU
		{1A1E6B46-CAFD-4A55-A4AF-C3AC61CED32B}.Debug|Any CPU.Build.0 = Debug|Any CPU
		{1A1E6B46-CAFD-4A55-A4AF-C3AC61CED32B}.Release|Any CPU.ActiveCfg = Release|Any CPU
		{1A1E6B46-CAFD-4A55-A4AF-C3AC61CED32B}.Release|Any CPU.Build.0 = Release|Any CPU
		{07BE19C3-0CAA-47DA-A755-BD3E7F6DC551}.Debug|Any CPU.ActiveCfg = Debug|Any CPU
		{07BE19C3-0CAA-47DA-A755-BD3E7F6DC551}.Debug|Any CPU.Build.0 = Debug|Any CPU
		{07BE19C3-0CAA-47DA-A755-BD3E7F6DC551}.Release|Any CPU.ActiveCfg = Release|Any CPU
		{07BE19C3-0CAA-47DA-A755-BD3E7F6DC551}.Release|Any CPU.Build.0 = Release|Any CPU
	EndGlobalSection
EndGlobal
